
Microsoft Visual Studio Solution File, Format Version 12.00
# Visual Studio Version 16
VisualStudioVersion = 16.0.29324.140
MinimumVisualStudioVersion = 10.0.40219.1
Project("{9A19103F-16F7-4668-BE54-9A1E7A4F7556}") = "AnagramCheckerCommandLine", "AnagramCheckerCommandLine\AnagramCheckerCommandLine.csproj", "{2B051824-B59D-40BF-BCAB-325F014EAFE5}"
EndProject
Project("{9A19103F-16F7-4668-BE54-9A1E7A4F7556}") = "AnagramChecker", "AnagramChecker\AnagramChecker.csproj", "{1B7F4B5D-20A4-4049-9D13-B081913B6A93}"
EndProject
Project("{FAE04EC0-301F-11D3-BF4B-00C04F79EFBC}") = "AnagramCheckerApi", "AnagramCheckerApi\AnagramCheckerApi.csproj", "{38FABBBA-6430-4069-AE27-7921C5EEF187}"
EndProject
Global
	GlobalSection(SolutionConfigurationPlatforms) = preSolution
		Debug|Any CPU = Debug|Any CPU
		Release|Any CPU = Release|Any CPU
	EndGlobalSection
	GlobalSection(ProjectConfigurationPlatforms) = postSolution
		{2B051824-B59D-40BF-BCAB-325F014EAFE5}.Debug|Any CPU.ActiveCfg = Debug|Any CPU
		{2B051824-B59D-40BF-BCAB-325F014EAFE5}.Debug|Any CPU.Build.0 = Debug|Any CPU
		{2B051824-B59D-40BF-BCAB-325F014EAFE5}.Release|Any CPU.ActiveCfg = Release|Any CPU
		{2B051824-B59D-40BF-BCAB-325F014EAFE5}.Release|Any CPU.Build.0 = Release|Any CPU
		{1B7F4B5D-20A4-4049-9D13-B081913B6A93}.Debug|Any CPU.ActiveCfg = Debug|Any CPU
		{1B7F4B5D-20A4-4049-9D13-B081913B6A93}.Debug|Any CPU.Build.0 = Debug|Any CPU
		{1B7F4B5D-20A4-4049-9D13-B081913B6A93}.Release|Any CPU.ActiveCfg = Release|Any CPU
		{1B7F4B5D-20A4-4049-9D13-B081913B6A93}.Release|Any CPU.Build.0 = Release|Any CPU
		{38FABBBA-6430-4069-AE27-7921C5EEF187}.Debug|Any CPU.ActiveCfg = Debug|Any CPU
		{38FABBBA-6430-4069-AE27-7921C5EEF187}.Debug|Any CPU.Build.0 = Debug|Any CPU
		{38FABBBA-6430-4069-AE27-7921C5EEF187}.Release|Any CPU.ActiveCfg = Release|Any CPU
		{38FABBBA-6430-4069-AE27-7921C5EEF187}.Release|Any CPU.Build.0 = Release|Any CPU
	EndGlobalSection
	GlobalSection(SolutionProperties) = preSolution
		HideSolutionNode = FALSE
	EndGlobalSection
	GlobalSection(ExtensibilityGlobals) = postSolution
		SolutionGuid = {31B15417-800D-4713-8F69-07C4A815B9F1}
	EndGlobalSection
EndGlobal
